
Microsoft Visual Studio Solution File, Format Version 12.00
# Visual Studio 14
VisualStudioVersion = 14.0.24720.0
MinimumVisualStudioVersion = 10.0.40219.1
Project("{F2A71F9B-5D33-465A-A702-920D77279786}") = "FLenser.Core", "FLenser.Core\FLenser.Core.fsproj", "{EF8814FA-FEF7-4FF4-BE54-C5B4BF3CB826}"
EndProject
Project("{2150E333-8FDC-42A3-9474-1A3956D46DE8}") = "Solution Items", "Solution Items", "{131EB4CD-8425-4B72-9FC3-0D40A164CC4D}"
	ProjectSection(SolutionItems) = preProject
		LICENSE = LICENSE
		paket.dependencies = paket.dependencies
		README.md = README.md
	EndProjectSection
EndProject
Project("{F2A71F9B-5D33-465A-A702-920D77279786}") = "FLenser.PostgreSQL", "FLenser.PostgreSQL\FLenser.PostgreSQL.fsproj", "{22E1C399-8EFD-4050-86F1-DF5F48F7BA90}"
EndProject
Project("{F2A71F9B-5D33-465A-A702-920D77279786}") = "FLenser.SQLite", "FLenser.SQLite\FLenser.SQLite.fsproj", "{9C985372-4C5C-44AA-B973-FFC0CC78A547}"
EndProject
Project("{F2A71F9B-5D33-465A-A702-920D77279786}") = "Test", "Test\Test.fsproj", "{9A2BB53C-81C0-4A0D-9632-D068B9CB4817}"
EndProject
Project("{F2A71F9B-5D33-465A-A702-920D77279786}") = "FLenser.Mono.SQLite", "FLenser.Mono.SQLite\FLenser.Mono.SQLite.fsproj", "{88C0CD38-DAA7-4F5C-83C3-FEE5CF696129}"
EndProject
Global
	GlobalSection(SolutionConfigurationPlatforms) = preSolution
		Debug|Any CPU = Debug|Any CPU
		Release|Any CPU = Release|Any CPU
	EndGlobalSection
	GlobalSection(ProjectConfigurationPlatforms) = postSolution
		{EF8814FA-FEF7-4FF4-BE54-C5B4BF3CB826}.Debug|Any CPU.ActiveCfg = Debug|Any CPU
		{EF8814FA-FEF7-4FF4-BE54-C5B4BF3CB826}.Debug|Any CPU.Build.0 = Debug|Any CPU
		{EF8814FA-FEF7-4FF4-BE54-C5B4BF3CB826}.Release|Any CPU.ActiveCfg = Release|Any CPU
		{EF8814FA-FEF7-4FF4-BE54-C5B4BF3CB826}.Release|Any CPU.Build.0 = Release|Any CPU
		{22E1C399-8EFD-4050-86F1-DF5F48F7BA90}.Debug|Any CPU.ActiveCfg = Debug|Any CPU
		{22E1C399-8EFD-4050-86F1-DF5F48F7BA90}.Debug|Any CPU.Build.0 = Debug|Any CPU
		{22E1C399-8EFD-4050-86F1-DF5F48F7BA90}.Release|Any CPU.ActiveCfg = Release|Any CPU
		{22E1C399-8EFD-4050-86F1-DF5F48F7BA90}.Release|Any CPU.Build.0 = Release|Any CPU
		{9C985372-4C5C-44AA-B973-FFC0CC78A547}.Debug|Any CPU.ActiveCfg = Debug|Any CPU
		{9C985372-4C5C-44AA-B973-FFC0CC78A547}.Debug|Any CPU.Build.0 = Debug|Any CPU
		{9C985372-4C5C-44AA-B973-FFC0CC78A547}.Release|Any CPU.ActiveCfg = Release|Any CPU
		{9C985372-4C5C-44AA-B973-FFC0CC78A547}.Release|Any CPU.Build.0 = Release|Any CPU
		{9A2BB53C-81C0-4A0D-9632-D068B9CB4817}.Debug|Any CPU.ActiveCfg = Debug|Any CPU
		{9A2BB53C-81C0-4A0D-9632-D068B9CB4817}.Debug|Any CPU.Build.0 = Debug|Any CPU
		{9A2BB53C-81C0-4A0D-9632-D068B9CB4817}.Release|Any CPU.ActiveCfg = Release|Any CPU
		{9A2BB53C-81C0-4A0D-9632-D068B9CB4817}.Release|Any CPU.Build.0 = Release|Any CPU
		{88C0CD38-DAA7-4F5C-83C3-FEE5CF696129}.Debug|Any CPU.ActiveCfg = Debug|Any CPU
		{88C0CD38-DAA7-4F5C-83C3-FEE5CF696129}.Debug|Any CPU.Build.0 = Debug|Any CPU
		{88C0CD38-DAA7-4F5C-83C3-FEE5CF696129}.Release|Any CPU.ActiveCfg = Release|Any CPU
		{88C0CD38-DAA7-4F5C-83C3-FEE5CF696129}.Release|Any CPU.Build.0 = Release|Any CPU
	EndGlobalSection
	GlobalSection(SolutionProperties) = preSolution
		HideSolutionNode = FALSE
	EndGlobalSection
EndGlobal
